
Microsoft Visual Studio Solution File, Format Version 12.00
# Visual Studio Version 16
VisualStudioVersion = 16.0.30114.105
MinimumVisualStudioVersion = 10.0.40219.1
Project("{9A19103F-16F7-4668-BE54-9A1E7A4F7556}") = "API", "API\API.csproj", "{2E256831-5289-400C-84E0-820CDDDE1DED}"
EndProject
Project("{FAE04EC0-301F-11D3-BF4B-00C04F79EFBC}") = "APITests", "APITests\APITests.csproj", "{3F4782E6-061E-4142-8DE4-C7ABB751AB0C}"
	ProjectSection(ProjectDependencies) = postProject
		{2E256831-5289-400C-84E0-820CDDDE1DED} = {2E256831-5289-400C-84E0-820CDDDE1DED}
	EndProjectSection
EndProject
Global
	GlobalSection(SolutionConfigurationPlatforms) = preSolution
		Debug|Any CPU = Debug|Any CPU
		Debug|x64 = Debug|x64
		Debug|x86 = Debug|x86
		Release|Any CPU = Release|Any CPU
		Release|x64 = Release|x64
		Release|x86 = Release|x86
	EndGlobalSection
	GlobalSection(ProjectConfigurationPlatforms) = postSolution
		{2E256831-5289-400C-84E0-820CDDDE1DED}.Debug|Any CPU.ActiveCfg = Debug|Any CPU
		{2E256831-5289-400C-84E0-820CDDDE1DED}.Debug|Any CPU.Build.0 = Debug|Any CPU
		{2E256831-5289-400C-84E0-820CDDDE1DED}.Debug|x64.ActiveCfg = Debug|Any CPU
		{2E256831-5289-400C-84E0-820CDDDE1DED}.Debug|x64.Build.0 = Debug|Any CPU
		{2E256831-5289-400C-84E0-820CDDDE1DED}.Debug|x86.ActiveCfg = Debug|Any CPU
		{2E256831-5289-400C-84E0-820CDDDE1DED}.Debug|x86.Build.0 = Debug|Any CPU
		{2E256831-5289-400C-84E0-820CDDDE1DED}.Release|Any CPU.ActiveCfg = Release|Any CPU
		{2E256831-5289-400C-84E0-820CDDDE1DED}.Release|Any CPU.Build.0 = Release|Any CPU
		{2E256831-5289-400C-84E0-820CDDDE1DED}.Release|x64.ActiveCfg = Release|Any CPU
		{2E256831-5289-400C-84E0-820CDDDE1DED}.Release|x64.Build.0 = Release|Any CPU
		{2E256831-5289-400C-84E0-820CDDDE1DED}.Release|x86.ActiveCfg = Release|Any CPU
		{2E256831-5289-400C-84E0-820CDDDE1DED}.Release|x86.Build.0 = Release|Any CPU
		{3F4782E6-061E-4142-8DE4-C7ABB751AB0C}.Debug|Any CPU.ActiveCfg = Debug|Any CPU
		{3F4782E6-061E-4142-8DE4-C7ABB751AB0C}.Debug|Any CPU.Build.0 = Debug|Any CPU
		{3F4782E6-061E-4142-8DE4-C7ABB751AB0C}.Debug|x64.ActiveCfg = Debug|Any CPU
		{3F4782E6-061E-4142-8DE4-C7ABB751AB0C}.Debug|x64.Build.0 = Debug|Any CPU
		{3F4782E6-061E-4142-8DE4-C7ABB751AB0C}.Debug|x86.ActiveCfg = Debug|Any CPU
		{3F4782E6-061E-4142-8DE4-C7ABB751AB0C}.Debug|x86.Build.0 = Debug|Any CPU
		{3F4782E6-061E-4142-8DE4-C7ABB751AB0C}.Release|Any CPU.ActiveCfg = Release|Any CPU
		{3F4782E6-061E-4142-8DE4-C7ABB751AB0C}.Release|Any CPU.Build.0 = Release|Any CPU
		{3F4782E6-061E-4142-8DE4-C7ABB751AB0C}.Release|x64.ActiveCfg = Release|Any CPU
		{3F4782E6-061E-4142-8DE4-C7ABB751AB0C}.Release|x64.Build.0 = Release|Any CPU
		{3F4782E6-061E-4142-8DE4-C7ABB751AB0C}.Release|x86.ActiveCfg = Release|Any CPU
		{3F4782E6-061E-4142-8DE4-C7ABB751AB0C}.Release|x86.Build.0 = Release|Any CPU
	EndGlobalSection
	GlobalSection(SolutionProperties) = preSolution
		HideSolutionNode = FALSE
	EndGlobalSection
	GlobalSection(ExtensibilityGlobals) = postSolution
		SolutionGuid = {3704B1F6-1F15-4063-892C-09962A0E3BFC}
	EndGlobalSection
EndGlobal
